
Microsoft Visual Studio Solution File, Format Version 12.00
# Visual Studio 2013
VisualStudioVersion = 12.0.31101.0
MinimumVisualStudioVersion = 10.0.40219.1
Project("{FAE04EC0-301F-11D3-BF4B-00C04F79EFBC}") = "RPNCalc", "RPNCalc\RPNCalc.csproj", "{3D0BBB5E-C2A0-4B2A-897E-6CB163E5061D}"
EndProject
Project("{2150E333-8FDC-42A3-9474-1A3956D46DE8}") = ".nuget", ".nuget", "{E02128E0-878A-4952-A9CB-76F5398E76D3}"
	ProjectSection(SolutionItems) = preProject
		.nuget\packages.config = .nuget\packages.config
	EndProjectSection
EndProject
Global
	GlobalSection(SolutionConfigurationPlatforms) = preSolution
		Debug|Any CPU = Debug|Any CPU
		Release|Any CPU = Release|Any CPU
	EndGlobalSection
	GlobalSection(ProjectConfigurationPlatforms) = postSolution
		{3D0BBB5E-C2A0-4B2A-897E-6CB163E5061D}.Debug|Any CPU.ActiveCfg = Debug|Any CPU
		{3D0BBB5E-C2A0-4B2A-897E-6CB163E5061D}.Debug|Any CPU.Build.0 = Debug|Any CPU
		{3D0BBB5E-C2A0-4B2A-897E-6CB163E5061D}.Release|Any CPU.ActiveCfg = Release|Any CPU
		{3D0BBB5E-C2A0-4B2A-897E-6CB163E5061D}.Release|Any CPU.Build.0 = Release|Any CPU
	EndGlobalSection
	GlobalSection(SolutionProperties) = preSolution
		HideSolutionNode = FALSE
	EndGlobalSection
EndGlobal
